{
  "name": "@tommybear416/http-privacy-guard",
  "version": "0.1.1",
  "lockfileVersion": 3,
  "requires": true,
  "packages": {
    "": {
      "name": "@tommybear416/http-privacy-guard",
      "version": "0.1.1",
      "license": "MIT",
      "engines": {
        "node": ">=22"
      }
    }
  }
}
